// !$*UTF8*$!
{
	archiveVersion = 1;
	classes = {
	};
	objectVersion = 46;
	objects = {

/* Begin PBXBuildFile section */
		624CBA6DED9C914C3BCC4229 /* libPods.a in Frameworks */ = {isa = PBXBuildFile; fileRef = C0E1BAFCA10B119296C384D9 /* libPods.a */; };
		A2579D801B3C112B002302ED /* DetailTableViewController.m in Sources */ = {isa = PBXBuildFile; fileRef = A2579D7F1B3C112B002302ED /* DetailTableViewController.m */; };
		A2579DD61B3DC71A002302ED /* AirlineTableViewCell.m in Sources */ = {isa = PBXBuildFile; fileRef = A2579DD51B3DC71A002302ED /* AirlineTableViewCell.m */; };
		A2579E1A1B3DF265002302ED /* AirlineTableViewCell.xib in Resources */ = {isa = PBXBuildFile; fileRef = A2579E191B3DF265002302ED /* AirlineTableViewCell.xib */; };
		A2BE760A1B3BEEA000B28109 /* main.m in Sources */ = {isa = PBXBuildFile; fileRef = A2BE76091B3BEEA000B28109 /* main.m */; };
		A2BE760D1B3BEEA000B28109 /* AppDelegate.m in Sources */ = {isa = PBXBuildFile; fileRef = A2BE760C1B3BEEA000B28109 /* AppDelegate.m */; };
		A2BE76101B3BEEA000B28109 /* ViewController.m in Sources */ = {isa = PBXBuildFile; fileRef = A2BE760F1B3BEEA000B28109 /* ViewController.m */; };
		A2BE76131B3BEEA000B28109 /* Main.storyboard in Resources */ = {isa = PBXBuildFile; fileRef = A2BE76111B3BEEA000B28109 /* Main.storyboard */; };
		A2BE76151B3BEEA000B28109 /* Images.xcassets in Resources */ = {isa = PBXBuildFile; fileRef = A2BE76141B3BEEA000B28109 /* Images.xcassets */; };
		A2BE76181B3BEEA000B28109 /* LaunchScreen.xib in Resources */ = {isa = PBXBuildFile; fileRef = A2BE76161B3BEEA000B28109 /* LaunchScreen.xib */; };
		A2BE76671B3C06C400B28109 /* RESTClientImpl.m in Sources */ = {isa = PBXBuildFile; fileRef = A2BE76661B3C06C400B28109 /* RESTClientImpl.m */; };
		A2BE766A1B3C075300B28109 /* FlightModel.m in Sources */ = {isa = PBXBuildFile; fileRef = A2BE76691B3C075300B28109 /* FlightModel.m */; };
		A2C049121B452ED500C66D65 /* FlightModelSpec.m in Sources */ = {isa = PBXBuildFile; fileRef = A2C049111B452ED500C66D65 /* FlightModelSpec.m */; };
		A2D52E061B3EB2DE00A42A7F /* FormatterUtil.m in Sources */ = {isa = PBXBuildFile; fileRef = A2D52E051B3EB2DE00A42A7F /* FormatterUtil.m */; };
		A2D52E091B3F31CC00A42A7F /* SystemConfiguration.framework in Frameworks */ = {isa = PBXBuildFile; fileRef = A2D52E081B3F31CC00A42A7F /* SystemConfiguration.framework */; };
		A2D52E0E1B4025A300A42A7F /* RESTClientSpec.m in Sources */ = {isa = PBXBuildFile; fileRef = A2D52E0D1B4025A300A42A7F /* RESTClientSpec.m */; };
		A2D52E121B407F5300A42A7F /* ViewControllerSpec.m in Sources */ = {isa = PBXBuildFile; fileRef = A2D52E111B407F5300A42A7F /* ViewControllerSpec.m */; };
		A2D52E141B407F6C00A42A7F /* DetailTableViewControllerSpec.m in Sources */ = {isa = PBXBuildFile; fileRef = A2D52E131B407F6C00A42A7F /* DetailTableViewControllerSpec.m */; };
		E95F0D922774AC4C3B716BD2 /* libPods-Air Ticket ExampleTests.a in Frameworks */ = {isa = PBXBuildFile; fileRef = C3D3590D9976893563866E07 /* libPods-Air Ticket ExampleTests.a */; };
/* End PBXBuildFile section */

/* Begin PBXContainerItemProxy section */
		A2BE761E1B3BEEA000B28109 /* PBXContainerItemProxy */ = {
			isa = PBXContainerItemProxy;
			containerPortal = A2BE75FC1B3BEE9F00B28109 /* Project object */;
			proxyType = 1;
			remoteGlobalIDString = A2BE76031B3BEEA000B28109;
			remoteInfo = "Air Ticket Example";
		};
/* End PBXContainerItemProxy section */

/* Begin PBXFileReference section */
		27E523B20BA4B5969C0B5C6C /* Pods.debug.xcconfig */ = {isa = PBXFileReference; includeInIndex = 1; lastKnownFileType = text.xcconfig; name = Pods.debug.xcconfig; path = "Pods/Target Support Files/Pods/Pods.debug.xcconfig"; sourceTree = "<group>"; };
		81F42AEAFDFBCAEBCB7A8394 /* Pods-Air Ticket ExampleTests.release.xcconfig */ = {isa = PBXFileReference; includeInIndex = 1; lastKnownFileType = text.xcconfig; name = "Pods-Air Ticket ExampleTests.release.xcconfig"; path = "Pods/Target Support Files/Pods-Air Ticket ExampleTests/Pods-Air Ticket ExampleTests.release.xcconfig"; sourceTree = "<group>"; };
		83519288598501C25201C742 /* Pods.release.xcconfig */ = {isa = PBXFileReference; includeInIndex = 1; lastKnownFileType = text.xcconfig; name = Pods.release.xcconfig; path = "Pods/Target Support Files/Pods/Pods.release.xcconfig"; sourceTree = "<group>"; };
		A2579D7E1B3C112B002302ED /* DetailTableViewController.h */ = {isa = PBXFileReference; fileEncoding = 4; lastKnownFileType = sourcecode.c.h; name = DetailTableViewController.h; path = "\U0010ViewControllers/DetailTableViewController.h"; sourceTree = "<group>"; };
		A2579D7F1B3C112B002302ED /* DetailTableViewController.m */ = {isa = PBXFileReference; fileEncoding = 4; lastKnownFileType = sourcecode.c.objc; name = DetailTableViewController.m; path = "\U0010ViewControllers/DetailTableViewController.m"; sourceTree = "<group>"; };
		A2579DD41B3DC71A002302ED /* AirlineTableViewCell.h */ = {isa = PBXFileReference; fileEncoding = 4; lastKnownFileType = sourcecode.c.h; name = AirlineTableViewCell.h; path = Views/AirlineTableViewCell.h; sourceTree = "<group>"; };
		A2579DD51B3DC71A002302ED /* AirlineTableViewCell.m */ = {isa = PBXFileReference; fileEncoding = 4; lastKnownFileType = sourcecode.c.objc; name = AirlineTableViewCell.m; path = Views/AirlineTableViewCell.m; sourceTree = "<group>"; };
		A2579E191B3DF265002302ED /* AirlineTableViewCell.xib */ = {isa = PBXFileReference; fileEncoding = 4; lastKnownFileType = file.xib; name = AirlineTableViewCell.xib; path = Views/AirlineTableViewCell.xib; sourceTree = "<group>"; };
		A2BE76041B3BEEA000B28109 /* Air Ticket Example.app */ = {isa = PBXFileReference; explicitFileType = wrapper.application; includeInIndex = 0; path = "Air Ticket Example.app"; sourceTree = BUILT_PRODUCTS_DIR; };
		A2BE76081B3BEEA000B28109 /* Info.plist */ = {isa = PBXFileReference; lastKnownFileType = text.plist.xml; path = Info.plist; sourceTree = "<group>"; };
		A2BE76091B3BEEA000B28109 /* main.m */ = {isa = PBXFileReference; lastKnownFileType = sourcecode.c.objc; path = main.m; sourceTree = "<group>"; };
		A2BE760B1B3BEEA000B28109 /* AppDelegate.h */ = {isa = PBXFileReference; lastKnownFileType = sourcecode.c.h; path = AppDelegate.h; sourceTree = "<group>"; };
		A2BE760C1B3BEEA000B28109 /* AppDelegate.m */ = {isa = PBXFileReference; lastKnownFileType = sourcecode.c.objc; path = AppDelegate.m; sourceTree = "<group>"; };
		A2BE760E1B3BEEA000B28109 /* ViewController.h */ = {isa = PBXFileReference; lastKnownFileType = sourcecode.c.h; path = ViewController.h; sourceTree = "<group>"; };
		A2BE760F1B3BEEA000B28109 /* ViewController.m */ = {isa = PBXFileReference; lastKnownFileType = sourcecode.c.objc; path = ViewController.m; sourceTree = "<group>"; };
		A2BE76121B3BEEA000B28109 /* Base */ = {isa = PBXFileReference; lastKnownFileType = file.storyboard; name = Base; path = Base.lproj/Main.storyboard; sourceTree = "<group>"; };
		A2BE76141B3BEEA000B28109 /* Images.xcassets */ = {isa = PBXFileReference; lastKnownFileType = folder.assetcatalog; path = Images.xcassets; sourceTree = "<group>"; };
		A2BE76171B3BEEA000B28109 /* Base */ = {isa = PBXFileReference; lastKnownFileType = file.xib; name = Base; path = Base.lproj/LaunchScreen.xib; sourceTree = "<group>"; };
		A2BE761D1B3BEEA000B28109 /* Air Ticket ExampleTests.xctest */ = {isa = PBXFileReference; explicitFileType = wrapper.cfbundle; includeInIndex = 0; path = "Air Ticket ExampleTests.xctest"; sourceTree = BUILT_PRODUCTS_DIR; };
		A2BE76221B3BEEA000B28109 /* Info.plist */ = {isa = PBXFileReference; lastKnownFileType = text.plist.xml; path = Info.plist; sourceTree = "<group>"; };
		A2BE76651B3C06C400B28109 /* RESTClientImpl.h */ = {isa = PBXFileReference; fileEncoding = 4; lastKnownFileType = sourcecode.c.h; name = RESTClientImpl.h; path = Networking/RESTClientImpl.h; sourceTree = "<group>"; };
		A2BE76661B3C06C400B28109 /* RESTClientImpl.m */ = {isa = PBXFileReference; fileEncoding = 4; lastKnownFileType = sourcecode.c.objc; name = RESTClientImpl.m; path = Networking/RESTClientImpl.m; sourceTree = "<group>"; };
		A2BE76681B3C075300B28109 /* FlightModel.h */ = {isa = PBXFileReference; fileEncoding = 4; lastKnownFileType = sourcecode.c.h; name = FlightModel.h; path = Models/FlightModel.h; sourceTree = "<group>"; };
		A2BE76691B3C075300B28109 /* FlightModel.m */ = {isa = PBXFileReference; fileEncoding = 4; lastKnownFileType = sourcecode.c.objc; name = FlightModel.m; path = Models/FlightModel.m; sourceTree = "<group>"; };
		A2C049111B452ED500C66D65 /* FlightModelSpec.m */ = {isa = PBXFileReference; fileEncoding = 4; lastKnownFileType = sourcecode.c.objc; path = FlightModelSpec.m; sourceTree = "<group>"; };
		A2D52E041B3EB2DE00A42A7F /* FormatterUtil.h */ = {isa = PBXFileReference; fileEncoding = 4; lastKnownFileType = sourcecode.c.h; name = FormatterUtil.h; path = Utils/FormatterUtil.h; sourceTree = "<group>"; };
		A2D52E051B3EB2DE00A42A7F /* FormatterUtil.m */ = {isa = PBXFileReference; fileEncoding = 4; lastKnownFileType = sourcecode.c.objc; name = FormatterUtil.m; path = Utils/FormatterUtil.m; sourceTree = "<group>"; };
		A2D52E081B3F31CC00A42A7F /* SystemConfiguration.framework */ = {isa = PBXFileReference; lastKnownFileType = wrapper.framework; name = SystemConfiguration.framework; path = System/Library/Frameworks/SystemConfiguration.framework; sourceTree = SDKROOT; };
		A2D52E0D1B4025A300A42A7F /* RESTClientSpec.m */ = {isa = PBXFileReference; fileEncoding = 4; lastKnownFileType = sourcecode.c.objc; path = RESTClientSpec.m; sourceTree = "<group>"; };
		A2D52E111B407F5300A42A7F /* ViewControllerSpec.m */ = {isa = PBXFileReference; fileEncoding = 4; lastKnownFileType = sourcecode.c.objc; path = ViewControllerSpec.m; sourceTree = "<group>"; };
		A2D52E131B407F6C00A42A7F /* DetailTableViewControllerSpec.m */ = {isa = PBXFileReference; fileEncoding = 4; lastKnownFileType = sourcecode.c.objc; path = DetailTableViewControllerSpec.m; sourceTree = "<group>"; };
		C0E1BAFCA10B119296C384D9 /* libPods.a */ = {isa = PBXFileReference; explicitFileType = archive.ar; includeInIndex = 0; path = libPods.a; sourceTree = BUILT_PRODUCTS_DIR; };
		C3D3590D9976893563866E07 /* libPods-Air Ticket ExampleTests.a */ = {isa = PBXFileReference; explicitFileType = archive.ar; includeInIndex = 0; path = "libPods-Air Ticket ExampleTests.a"; sourceTree = BUILT_PRODUCTS_DIR; };
		F38D5368E614839782FE0499 /* Pods-Air Ticket ExampleTests.debug.xcconfig */ = {isa = PBXFileReference; includeInIndex = 1; lastKnownFileType = text.xcconfig; name = "Pods-Air Ticket ExampleTests.debug.xcconfig"; path = "Pods/Target Support Files/Pods-Air Ticket ExampleTests/Pods-Air Ticket ExampleTests.debug.xcconfig"; sourceTree = "<group>"; };
/* End PBXFileReference section */

/* Begin PBXFrameworksBuildPhase section */
		A2BE76011B3BEEA000B28109 /* Frameworks */ = {
			isa = PBXFrameworksBuildPhase;
			buildActionMask = 2147483647;
			files = (
				A2D52E091B3F31CC00A42A7F /* SystemConfiguration.framework in Frameworks */,
				624CBA6DED9C914C3BCC4229 /* libPods.a in Frameworks */,
			);
			runOnlyForDeploymentPostprocessing = 0;
		};
		A2BE761A1B3BEEA000B28109 /* Frameworks */ = {
			isa = PBXFrameworksBuildPhase;
			buildActionMask = 2147483647;
			files = (
				E95F0D922774AC4C3B716BD2 /* libPods-Air Ticket ExampleTests.a in Frameworks */,
			);
			runOnlyForDeploymentPostprocessing = 0;
		};
/* End PBXFrameworksBuildPhase section */

/* Begin PBXGroup section */
		1E04B2BF94FC9868C4586DC7 /* Pods */ = {
			isa = PBXGroup;
			children = (
				27E523B20BA4B5969C0B5C6C /* Pods.debug.xcconfig */,
				83519288598501C25201C742 /* Pods.release.xcconfig */,
				F38D5368E614839782FE0499 /* Pods-Air Ticket ExampleTests.debug.xcconfig */,
				81F42AEAFDFBCAEBCB7A8394 /* Pods-Air Ticket ExampleTests.release.xcconfig */,
			);
			name = Pods;
			sourceTree = "<group>";
		};
		A2BE75FB1B3BEE9F00B28109 = {
			isa = PBXGroup;
			children = (
				A2BE76061B3BEEA000B28109 /* Air Ticket Example */,
				A2BE76201B3BEEA000B28109 /* Air Ticket ExampleTests */,
				A2BE76051B3BEEA000B28109 /* Products */,
				1E04B2BF94FC9868C4586DC7 /* Pods */,
				F4568B574139CE75844686B8 /* Frameworks */,
			);
			sourceTree = "<group>";
		};
		A2BE76051B3BEEA000B28109 /* Products */ = {
			isa = PBXGroup;
			children = (
				A2BE76041B3BEEA000B28109 /* Air Ticket Example.app */,
				A2BE761D1B3BEEA000B28109 /* Air Ticket ExampleTests.xctest */,
			);
			name = Products;
			sourceTree = "<group>";
		};
		A2BE76061B3BEEA000B28109 /* Air Ticket Example */ = {
			isa = PBXGroup;
			children = (
				A2D52E071B3EB2E200A42A7F /* Utils */,
				A2BE766B1B3C0BDB00B28109 /* Views */,
				A2BE762F1B3BFCE200B28109 /* Networking */,
				A2BE762E1B3BFC7700B28109 /* Models */,
				A2BE762D1B3BEEAF00B28109 /* ViewControllers */,
				A2BE760B1B3BEEA000B28109 /* AppDelegate.h */,
				A2BE760C1B3BEEA000B28109 /* AppDelegate.m */,
				A2BE76111B3BEEA000B28109 /* Main.storyboard */,
				A2BE76141B3BEEA000B28109 /* Images.xcassets */,
				A2BE76161B3BEEA000B28109 /* LaunchScreen.xib */,
				A2BE76071B3BEEA000B28109 /* Supporting Files */,
			);
			path = "Air Ticket Example";
			sourceTree = "<group>";
		};
		A2BE76071B3BEEA000B28109 /* Supporting Files */ = {
			isa = PBXGroup;
			children = (
				A2BE76081B3BEEA000B28109 /* Info.plist */,
				A2BE76091B3BEEA000B28109 /* main.m */,
			);
			name = "Supporting Files";
			sourceTree = "<group>";
		};
		A2BE76201B3BEEA000B28109 /* Air Ticket ExampleTests */ = {
			isa = PBXGroup;
			children = (
				A2C049111B452ED500C66D65 /* FlightModelSpec.m */,
				A2D52E0D1B4025A300A42A7F /* RESTClientSpec.m */,
				A2D52E151B407F7700A42A7F /* ViewControllers */,
				A2BE76211B3BEEA000B28109 /* Supporting Files */,
			);
			path = "Air Ticket ExampleTests";
			sourceTree = "<group>";
		};
		A2BE76211B3BEEA000B28109 /* Supporting Files */ = {
			isa = PBXGroup;
			children = (
				A2BE76221B3BEEA000B28109 /* Info.plist */,
			);
			name = "Supporting Files";
			sourceTree = "<group>";
		};
		A2BE762D1B3BEEAF00B28109 /* ViewControllers */ = {
			isa = PBXGroup;
			children = (
				A2BE760E1B3BEEA000B28109 /* ViewController.h */,
				A2BE760F1B3BEEA000B28109 /* ViewController.m */,
				A2579D7E1B3C112B002302ED /* DetailTableViewController.h */,
				A2579D7F1B3C112B002302ED /* DetailTableViewController.m */,
			);
			name = ViewControllers;
			sourceTree = "<group>";
		};
		A2BE762E1B3BFC7700B28109 /* Models */ = {
			isa = PBXGroup;
			children = (
				A2BE76681B3C075300B28109 /* FlightModel.h */,
				A2BE76691B3C075300B28109 /* FlightModel.m */,
			);
			name = Models;
			sourceTree = "<group>";
		};
		A2BE762F1B3BFCE200B28109 /* Networking */ = {
			isa = PBXGroup;
			children = (
				A2BE76651B3C06C400B28109 /* RESTClientImpl.h */,
				A2BE76661B3C06C400B28109 /* RESTClientImpl.m */,
			);
			name = Networking;
			sourceTree = "<group>";
		};
		A2BE766B1B3C0BDB00B28109 /* Views */ = {
			isa = PBXGroup;
			children = (
				A2579DD41B3DC71A002302ED /* AirlineTableViewCell.h */,
				A2579DD51B3DC71A002302ED /* AirlineTableViewCell.m */,
				A2579E191B3DF265002302ED /* AirlineTableViewCell.xib */,
			);
			name = Views;
			sourceTree = "<group>";
		};
		A2D52E071B3EB2E200A42A7F /* Utils */ = {
			isa = PBXGroup;
			children = (
				A2D52E041B3EB2DE00A42A7F /* FormatterUtil.h */,
				A2D52E051B3EB2DE00A42A7F /* FormatterUtil.m */,
			);
			name = Utils;
			sourceTree = "<group>";
		};
		A2D52E151B407F7700A42A7F /* ViewControllers */ = {
			isa = PBXGroup;
			children = (
				A2D52E111B407F5300A42A7F /* ViewControllerSpec.m */,
				A2D52E131B407F6C00A42A7F /* DetailTableViewControllerSpec.m */,
			);
			name = ViewControllers;
			sourceTree = "<group>";
		};
		F4568B574139CE75844686B8 /* Frameworks */ = {
			isa = PBXGroup;
			children = (
				A2D52E081B3F31CC00A42A7F /* SystemConfiguration.framework */,
				C0E1BAFCA10B119296C384D9 /* libPods.a */,
				C3D3590D9976893563866E07 /* libPods-Air Ticket ExampleTests.a */,
			);
			name = Frameworks;
			sourceTree = "<group>";
		};
/* End PBXGroup section */

/* Begin PBXNativeTarget section */
		A2BE76031B3BEEA000B28109 /* Air Ticket Example */ = {
			isa = PBXNativeTarget;
			buildConfigurationList = A2BE76271B3BEEA000B28109 /* Build configuration list for PBXNativeTarget "Air Ticket Example" */;
			buildPhases = (
				10F5894FFEE771D87637C852 /* Check Pods Manifest.lock */,
				A2BE76001B3BEEA000B28109 /* Sources */,
				A2BE76011B3BEEA000B28109 /* Frameworks */,
				A2BE76021B3BEEA000B28109 /* Resources */,
				83E61031915D89D3EC546604 /* Copy Pods Resources */,
			);
			buildRules = (
			);
			dependencies = (
			);
			name = "Air Ticket Example";
			productName = "Air Ticket Example";
			productReference = A2BE76041B3BEEA000B28109 /* Air Ticket Example.app */;
			productType = "com.apple.product-type.application";
		};
		A2BE761C1B3BEEA000B28109 /* Air Ticket ExampleTests */ = {
			isa = PBXNativeTarget;
			buildConfigurationList = A2BE762A1B3BEEA000B28109 /* Build configuration list for PBXNativeTarget "Air Ticket ExampleTests" */;
			buildPhases = (
				439FEE246D362050D47C9C65 /* Check Pods Manifest.lock */,
				A2BE76191B3BEEA000B28109 /* Sources */,
				A2BE761A1B3BEEA000B28109 /* Frameworks */,
				A2BE761B1B3BEEA000B28109 /* Resources */,
				8043D0C7FCB00ED120255842 /* Copy Pods Resources */,
			);
			buildRules = (
			);
			dependencies = (
				A2BE761F1B3BEEA000B28109 /* PBXTargetDependency */,
			);
			name = "Air Ticket ExampleTests";
			productName = "Air Ticket ExampleTests";
			productReference = A2BE761D1B3BEEA000B28109 /* Air Ticket ExampleTests.xctest */;
			productType = "com.apple.product-type.bundle.unit-test";
		};
/* End PBXNativeTarget section */

/* Begin PBXProject section */
		A2BE75FC1B3BEE9F00B28109 /* Project object */ = {
			isa = PBXProject;
			attributes = {
				LastUpgradeCheck = 0630;
				ORGANIZATIONNAME = Apro;
				TargetAttributes = {
					A2BE76031B3BEEA000B28109 = {
						CreatedOnToolsVersion = 6.3.2;
					};
					A2BE761C1B3BEEA000B28109 = {
						CreatedOnToolsVersion = 6.3.2;
						TestTargetID = A2BE76031B3BEEA000B28109;
					};
				};
			};
			buildConfigurationList = A2BE75FF1B3BEEA000B28109 /* Build configuration list for PBXProject "Air Ticket Example" */;
			compatibilityVersion = "Xcode 3.2";
			developmentRegion = English;
			hasScannedForEncodings = 0;
			knownRegions = (
				en,
				Base,
			);
			mainGroup = A2BE75FB1B3BEE9F00B28109;
			productRefGroup = A2BE76051B3BEEA000B28109 /* Products */;
			projectDirPath = "";
			projectRoot = "";
			targets = (
				A2BE76031B3BEEA000B28109 /* Air Ticket Example */,
				A2BE761C1B3BEEA000B28109 /* Air Ticket ExampleTests */,
			);
		};
/* End PBXProject section */

/* Begin PBXResourcesBuildPhase section */
		A2BE76021B3BEEA000B28109 /* Resources */ = {
			isa = PBXResourcesBuildPhase;
			buildActionMask = 2147483647;
			files = (
				A2579E1A1B3DF265002302ED /* AirlineTableViewCell.xib in Resources */,
				A2BE76131B3BEEA000B28109 /* Main.storyboard in Resources */,
				A2BE76181B3BEEA000B28109 /* LaunchScreen.xib in Resources */,
				A2BE76151B3BEEA000B28109 /* Images.xcassets in Resources */,
			);
			runOnlyForDeploymentPostprocessing = 0;
		};
		A2BE761B1B3BEEA000B28109 /* Resources */ = {
			isa = PBXResourcesBuildPhase;
			buildActionMask = 2147483647;
			files = (
			);
			runOnlyForDeploymentPostprocessing = 0;
		};
/* End PBXResourcesBuildPhase section */

/* Begin PBXShellScriptBuildPhase section */
		10F5894FFEE771D87637C852 /* Check Pods Manifest.lock */ = {
			isa = PBXShellScriptBuildPhase;
			buildActionMask = 2147483647;
			files = (
			);
			inputPaths = (
			);
			name = "Check Pods Manifest.lock";
			outputPaths = (
			);
			runOnlyForDeploymentPostprocessing = 0;
			shellPath = /bin/sh;
			shellScript = "diff \"${PODS_ROOT}/../Podfile.lock\" \"${PODS_ROOT}/Manifest.lock\" > /dev/null\nif [[ $? != 0 ]] ; then\n    cat << EOM\nerror: The sandbox is not in sync with the Podfile.lock. Run 'pod install' or update your CocoaPods installation.\nEOM\n    exit 1\nfi\n";
			showEnvVarsInLog = 0;
		};
		439FEE246D362050D47C9C65 /* Check Pods Manifest.lock */ = {
			isa = PBXShellScriptBuildPhase;
			buildActionMask = 2147483647;
			files = (
			);
			inputPaths = (
			);
			name = "Check Pods Manifest.lock";
			outputPaths = (
			);
			runOnlyForDeploymentPostprocessing = 0;
			shellPath = /bin/sh;
			shellScript = "diff \"${PODS_ROOT}/../Podfile.lock\" \"${PODS_ROOT}/Manifest.lock\" > /dev/null\nif [[ $? != 0 ]] ; then\n    cat << EOM\nerror: The sandbox is not in sync with the Podfile.lock. Run 'pod install' or update your CocoaPods installation.\nEOM\n    exit 1\nfi\n";
			showEnvVarsInLog = 0;
		};
		8043D0C7FCB00ED120255842 /* Copy Pods Resources */ = {
			isa = PBXShellScriptBuildPhase;
			buildActionMask = 2147483647;
			files = (
			);
			inputPaths = (
			);
			name = "Copy Pods Resources";
			outputPaths = (
			);
			runOnlyForDeploymentPostprocessing = 0;
			shellPath = /bin/sh;
			shellScript = "\"${SRCROOT}/Pods/Target Support Files/Pods-Air Ticket ExampleTests/Pods-Air Ticket ExampleTests-resources.sh\"\n";
			showEnvVarsInLog = 0;
		};
		83E61031915D89D3EC546604 /* Copy Pods Resources */ = {
			isa = PBXShellScriptBuildPhase;
			buildActionMask = 2147483647;
			files = (
			);
			inputPaths = (
			);
			name = "Copy Pods Resources";
			outputPaths = (
			);
			runOnlyForDeploymentPostprocessing = 0;
			shellPath = /bin/sh;
			shellScript = "\"${SRCROOT}/Pods/Target Support Files/Pods/Pods-resources.sh\"\n";
			showEnvVarsInLog = 0;
		};
/* End PBXShellScriptBuildPhase section */

/* Begin PBXSourcesBuildPhase section */
		A2BE76001B3BEEA000B28109 /* Sources */ = {
			isa = PBXSourcesBuildPhase;
			buildActionMask = 2147483647;
			files = (
				A2BE76671B3C06C400B28109 /* RESTClientImpl.m in Sources */,
				A2579D801B3C112B002302ED /* DetailTableViewController.m in Sources */,
				A2579DD61B3DC71A002302ED /* AirlineTableViewCell.m in Sources */,
				A2BE76101B3BEEA000B28109 /* ViewController.m in Sources */,
				A2D52E061B3EB2DE00A42A7F /* FormatterUtil.m in Sources */,
				A2BE766A1B3C075300B28109 /* FlightModel.m in Sources */,
				A2BE760D1B3BEEA000B28109 /* AppDelegate.m in Sources */,
				A2BE760A1B3BEEA000B28109 /* main.m in Sources */,
			);
			runOnlyForDeploymentPostprocessing = 0;
		};
		A2BE76191B3BEEA000B28109 /* Sources */ = {
			isa = PBXSourcesBuildPhase;
			buildActionMask = 2147483647;
			files = (
				A2D52E0E1B4025A300A42A7F /* RESTClientSpec.m in Sources */,
				A2D52E121B407F5300A42A7F /* ViewControllerSpec.m in Sources */,
				A2C049121B452ED500C66D65 /* FlightModelSpec.m in Sources */,
				A2D52E141B407F6C00A42A7F /* DetailTableViewControllerSpec.m in Sources */,
			);
			runOnlyForDeploymentPostprocessing = 0;
		};
/* End PBXSourcesBuildPhase section */

/* Begin PBXTargetDependency section */
		A2BE761F1B3BEEA000B28109 /* PBXTargetDependency */ = {
			isa = PBXTargetDependency;
			target = A2BE76031B3BEEA000B28109 /* Air Ticket Example */;
			targetProxy = A2BE761E1B3BEEA000B28109 /* PBXContainerItemProxy */;
		};
/* End PBXTargetDependency section */

/* Begin PBXVariantGroup section */
		A2BE76111B3BEEA000B28109 /* Main.storyboard */ = {
			isa = PBXVariantGroup;
			children = (
				A2BE76121B3BEEA000B28109 /* Base */,
			);
			name = Main.storyboard;
			sourceTree = "<group>";
		};
		A2BE76161B3BEEA000B28109 /* LaunchScreen.xib */ = {
			isa = PBXVariantGroup;
			children = (
				A2BE76171B3BEEA000B28109 /* Base */,
			);
			name = LaunchScreen.xib;
			sourceTree = "<group>";
		};
/* End PBXVariantGroup section */

/* Begin XCBuildConfiguration section */
		A2BE76251B3BEEA000B28109 /* Debug */ = {
			isa = XCBuildConfiguration;
			buildSettings = {
				ALWAYS_SEARCH_USER_PATHS = NO;
				CLANG_CXX_LANGUAGE_STANDARD = "gnu++0x";
				CLANG_CXX_LIBRARY = "libc++";
				CLANG_ENABLE_MODULES = YES;
				CLANG_ENABLE_OBJC_ARC = YES;
				CLANG_WARN_BOOL_CONVERSION = YES;
				CLANG_WARN_CONSTANT_CONVERSION = YES;
				CLANG_WARN_DIRECT_OBJC_ISA_USAGE = YES_ERROR;
				CLANG_WARN_EMPTY_BODY = YES;
				CLANG_WARN_ENUM_CONVERSION = YES;
				CLANG_WARN_INT_CONVERSION = YES;
				CLANG_WARN_OBJC_ROOT_CLASS = YES_ERROR;
				CLANG_WARN_UNREACHABLE_CODE = YES;
				CLANG_WARN__DUPLICATE_METHOD_MATCH = YES;
				"CODE_SIGN_IDENTITY[sdk=iphoneos*]" = "iPhone Developer";
				COPY_PHASE_STRIP = NO;
				DEBUG_INFORMATION_FORMAT = "dwarf-with-dsym";
				ENABLE_STRICT_OBJC_MSGSEND = YES;
				GCC_C_LANGUAGE_STANDARD = gnu99;
				GCC_DYNAMIC_NO_PIC = NO;
				GCC_NO_COMMON_BLOCKS = YES;
				GCC_OPTIMIZATION_LEVEL = 0;
				GCC_PREPROCESSOR_DEFINITIONS = (
					"DEBUG=1",
					"$(inherited)",
				);
				GCC_SYMBOLS_PRIVATE_EXTERN = NO;
				GCC_WARN_64_TO_32_BIT_CONVERSION = YES;
				GCC_WARN_ABOUT_RETURN_TYPE = YES_ERROR;
				GCC_WARN_UNDECLARED_SELECTOR = YES;
				GCC_WARN_UNINITIALIZED_AUTOS = YES_AGGRESSIVE;
				GCC_WARN_UNUSED_FUNCTION = YES;
				GCC_WARN_UNUSED_VARIABLE = YES;
				IPHONEOS_DEPLOYMENT_TARGET = 8.0;
				MTL_ENABLE_DEBUG_INFO = YES;
				ONLY_ACTIVE_ARCH = YES;
				SDKROOT = iphoneos;
			};
			name = Debug;
		};
		A2BE76261B3BEEA000B28109 /* Release */ = {
			isa = XCBuildConfiguration;
			buildSettings = {
				ALWAYS_SEARCH_USER_PATHS = NO;
				CLANG_CXX_LANGUAGE_STANDARD = "gnu++0x";
				CLANG_CXX_LIBRARY = "libc++";
				CLANG_ENABLE_MODULES = YES;
				CLANG_ENABLE_OBJC_ARC = YES;
				CLANG_WARN_BOOL_CONVERSION = YES;
				CLANG_WARN_CONSTANT_CONVERSION = YES;
				CLANG_WARN_DIRECT_OBJC_ISA_USAGE = YES_ERROR;
				CLANG_WARN_EMPTY_BODY = YES;
				CLANG_WARN_ENUM_CONVERSION = YES;
				CLANG_WARN_INT_CONVERSION = YES;
				CLANG_WARN_OBJC_ROOT_CLASS = YES_ERROR;
				CLANG_WARN_UNREACHABLE_CODE = YES;
				CLANG_WARN__DUPLICATE_METHOD_MATCH = YES;
				"CODE_SIGN_IDENTITY[sdk=iphoneos*]" = "iPhone Developer";
				COPY_PHASE_STRIP = NO;
				DEBUG_INFORMATION_FORMAT = "dwarf-with-dsym";
				ENABLE_NS_ASSERTIONS = NO;
				ENABLE_STRICT_OBJC_MSGSEND = YES;
				GCC_C_LANGUAGE_STANDARD = gnu99;
				GCC_NO_COMMON_BLOCKS = YES;
				GCC_WARN_64_TO_32_BIT_CONVERSION = YES;
				GCC_WARN_ABOUT_RETURN_TYPE = YES_ERROR;
				GCC_WARN_UNDECLARED_SELECTOR = YES;
				GCC_WARN_UNINITIALIZED_AUTOS = YES_AGGRESSIVE;
				GCC_WARN_UNUSED_FUNCTION = YES;
				GCC_WARN_UNUSED_VARIABLE = YES;
				IPHONEOS_DEPLOYMENT_TARGET = 8.0;
				MTL_ENABLE_DEBUG_INFO = NO;
				SDKROOT = iphoneos;
				VALIDATE_PRODUCT = YES;
			};
			name = Release;
		};
		A2BE76281B3BEEA000B28109 /* Debug */ = {
			isa = XCBuildConfiguration;
			baseConfigurationReference = 27E523B20BA4B5969C0B5C6C /* Pods.debug.xcconfig */;
			buildSettings = {
				ASSETCATALOG_COMPILER_APPICON_NAME = AppIcon;
				INFOPLIST_FILE = "Air Ticket Example/Info.plist";
				LD_RUNPATH_SEARCH_PATHS = "$(inherited) @executable_path/Frameworks";
				PRODUCT_NAME = "$(TARGET_NAME)";
			};
			name = Debug;
		};
		A2BE76291B3BEEA000B28109 /* Release */ = {
			isa = XCBuildConfiguration;
			baseConfigurationReference = 83519288598501C25201C742 /* Pods.release.xcconfig */;
			buildSettings = {
				ASSETCATALOG_COMPILER_APPICON_NAME = AppIcon;
				INFOPLIST_FILE = "Air Ticket Example/Info.plist";
				LD_RUNPATH_SEARCH_PATHS = "$(inherited) @executable_path/Frameworks";
				PRODUCT_NAME = "$(TARGET_NAME)";
			};
			name = Release;
		};
		A2BE762B1B3BEEA000B28109 /* Debug */ = {
			isa = XCBuildConfiguration;
			baseConfigurationReference = F38D5368E614839782FE0499 /* Pods-Air Ticket ExampleTests.debug.xcconfig */;
			buildSettings = {
				BUNDLE_LOADER = "$(TEST_HOST)";
				FRAMEWORK_SEARCH_PATHS = (
					"$(SDKROOT)/Developer/Library/Frameworks",
					"$(inherited)",
				);
				GCC_PREPROCESSOR_DEFINITIONS = (
					"DEBUG=1",
					"$(inherited)",
				);
				INFOPLIST_FILE = "Air Ticket ExampleTests/Info.plist";
				LD_RUNPATH_SEARCH_PATHS = "$(inherited) @executable_path/Frameworks @loader_path/Frameworks";
				PRODUCT_NAME = "$(TARGET_NAME)";
				TEST_HOST = "$(BUILT_PRODUCTS_DIR)/Air Ticket Example.app/Air Ticket Example";
			};
			name = Debug;
		};
		A2BE762C1B3BEEA000B28109 /* Release */ = {
			isa = XCBuildConfiguration;
			baseConfigurationReference = 81F42AEAFDFBCAEBCB7A8394 /* Pods-Air Ticket ExampleTests.release.xcconfig */;
			buildSettings = {
				BUNDLE_LOADER = "$(TEST_HOST)";
				FRAMEWORK_SEARCH_PATHS = (
					"$(SDKROOT)/Developer/Library/Frameworks",
					"$(inherited)",
				);
				INFOPLIST_FILE = "Air Ticket ExampleTests/Info.plist";
				LD_RUNPATH_SEARCH_PATHS = "$(inherited) @executable_path/Frameworks @loader_path/Frameworks";
				PRODUCT_NAME = "$(TARGET_NAME)";
				TEST_HOST = "$(BUILT_PRODUCTS_DIR)/Air Ticket Example.app/Air Ticket Example";
			};
			name = Release;
		};
/* End XCBuildConfiguration section */

/* Begin XCConfigurationList section */
		A2BE75FF1B3BEEA000B28109 /* Build configuration list for PBXProject "Air Ticket Example" */ = {
			isa = XCConfigurationList;
			buildConfigurations = (
				A2BE76251B3BEEA000B28109 /* Debug */,
				A2BE76261B3BEEA000B28109 /* Release */,
			);
			defaultConfigurationIsVisible = 0;
			defaultConfigurationName = Release;
		};
		A2BE76271B3BEEA000B28109 /* Build configuration list for PBXNativeTarget "Air Ticket Example" */ = {
			isa = XCConfigurationList;
			buildConfigurations = (
				A2BE76281B3BEEA000B28109 /* Debug */,
				A2BE76291B3BEEA000B28109 /* Release */,
			);
			defaultConfigurationIsVisible = 0;
			defaultConfigurationName = Release;
		};
		A2BE762A1B3BEEA000B28109 /* Build configuration list for PBXNativeTarget "Air Ticket ExampleTests" */ = {
			isa = XCConfigurationList;
			buildConfigurations = (
				A2BE762B1B3BEEA000B28109 /* Debug */,
				A2BE762C1B3BEEA000B28109 /* Release */,
			);
			defaultConfigurationIsVisible = 0;
			defaultConfigurationName = Release;
		};
/* End XCConfigurationList section */
	};
	rootObject = A2BE75FC1B3BEE9F00B28109 /* Project object */;
}
